
Microsoft Visual Studio Solution File, Format Version 12.00
# Visual Studio Version 16
VisualStudioVersion = 16.0.31005.135
MinimumVisualStudioVersion = 10.0.40219.1
Project("{FAE04EC0-301F-11D3-BF4B-00C04F79EFBC}") = "FunctionsApp", "src/FunctionsApp/FunctionsApp.csproj", "{4C529D39-5576-4F5F-9EC4-6DCE18966A57}"
EndProject
Global
	GlobalSection(SolutionConfigurationPlatforms) = preSolution
		Debug|Any CPU = Debug|Any CPU
		Release|Any CPU = Release|Any CPU
	EndGlobalSection
	GlobalSection(ProjectConfigurationPlatforms) = postSolution
		{4C529D39-5576-4F5F-9EC4-6DCE18966A57}.Debug|Any CPU.ActiveCfg = Debug|Any CPU
		{4C529D39-5576-4F5F-9EC4-6DCE18966A57}.Debug|Any CPU.Build.0 = Debug|Any CPU
		{4C529D39-5576-4F5F-9EC4-6DCE18966A57}.Release|Any CPU.ActiveCfg = Release|Any CPU
		{4C529D39-5576-4F5F-9EC4-6DCE18966A57}.Release|Any CPU.Build.0 = Release|Any CPU
	EndGlobalSection
	GlobalSection(SolutionProperties) = preSolution
		HideSolutionNode = FALSE
	EndGlobalSection
	GlobalSection(ExtensibilityGlobals) = postSolution
		SolutionGuid = {BEB37456-98FB-4329-BCF0-520B0DFECB67}
	EndGlobalSection
EndGlobal
